
Microsoft Visual Studio Solution File, Format Version 12.00
# Visual Studio Version 17
VisualStudioVersion = 17.9.34607.119
MinimumVisualStudioVersion = 10.0.40219.1
Project("{FAE04EC0-301F-11D3-BF4B-00C04F79EFBC}") = "Cerberus", "Cerberus.csproj", "{7AF34DF7-5EBF-41B6-8F46-7409B5C45ED8}"
EndProject
Global
	GlobalSection(SolutionConfigurationPlatforms) = preSolution
		Debug|Any CPU = Debug|Any CPU
		Release|Any CPU = Release|Any CPU
	EndGlobalSection
	GlobalSection(ProjectConfigurationPlatforms) = postSolution
		{7AF34DF7-5EBF-41B6-8F46-7409B5C45ED8}.Debug|Any CPU.ActiveCfg = Debug|Any CPU
		{7AF34DF7-5EBF-41B6-8F46-7409B5C45ED8}.Debug|Any CPU.Build.0 = Debug|Any CPU
		{7AF34DF7-5EBF-41B6-8F46-7409B5C45ED8}.Release|Any CPU.ActiveCfg = Release|Any CPU
		{7AF34DF7-5EBF-41B6-8F46-7409B5C45ED8}.Release|Any CPU.Build.0 = Release|Any CPU
	EndGlobalSection
	GlobalSection(SolutionProperties) = preSolution
		HideSolutionNode = FALSE
	EndGlobalSection
	GlobalSection(ExtensibilityGlobals) = postSolution
		SolutionGuid = {0DF37E7D-1D45-4435-BDAC-84EA9E4CFFB4}
	EndGlobalSection
EndGlobal
